{
  "name": "mybookings-payments",
  "version": "1.0.0",
  "lockfileVersion": 1,
  "requires": true,
  "dependencies": {
    "@graphql-typed-document-node/core": {
      "version": "3.1.0",
      "resolved": "https://registry.npmjs.org/@graphql-typed-document-node/core/-/core-3.1.0.tgz",
      "integrity": "sha512-wYn6r8zVZyQJ6rQaALBEln5B1pzxb9shV5Ef97kTvn6yVGrqyXVnDqnU24MXnFubR+rZjBY9NWuxX3FB2sTsjg=="
    },
    "@urql/core": {
      "version": "2.3.4",
      "resolved": "https://registry.npmjs.org/@urql/core/-/core-2.3.4.tgz",
      "integrity": "sha512-KXeR55ONqkTZ2gwNgyFGJEGRp1/jEnyqkFjEguknnG6GFaikAwAX0TMijKcX6ZQ4qE59cDtVEtSbqpVkd9XNmA==",
      "requires": {
        "@graphql-typed-document-node/core": "^3.1.0",
        "wonka": "^4.0.14"
      }
    },
    "urql": {
      "version": "2.0.5",
      "resolved": "https://registry.npmjs.org/urql/-/urql-2.0.5.tgz",
      "integrity": "sha512-UOl37CkNO1sfhw8jPihq+9NKUpTLnsRjpK7vmOVqPceqSO0rYXHOAEJp2TWDhyLjn2lYDlDlAfDaxNyK5m1FOA==",
      "requires": {
        "@urql/core": "^2.3.2",
        "wonka": "^4.0.14"
      }
    },
    "wonka": {
      "version": "4.0.15",
      "resolved": "https://registry.npmjs.org/wonka/-/wonka-4.0.15.tgz",
      "integrity": "sha512-U0IUQHKXXn6PFo9nqsHphVCE5m3IntqZNB9Jjn7EB1lrR7YTDY3YWgFvEvwniTzXSvOH/XMzAZaIfJF/LvHYXg=="
    }
  }
}
